
Microsoft Visual Studio Solution File, Format Version 12.00
# Visual Studio Version 17
VisualStudioVersion = 17.7.34009.444
MinimumVisualStudioVersion = 10.0.40219.1
Project("{FAE04EC0-301F-11D3-BF4B-00C04F79EFBC}") = "student_marks", "student_marks\student_marks.csproj", "{DD4A8003-F652-4CDC-A8C4-B128AEE717D2}"
EndProject
Global
	GlobalSection(SolutionConfigurationPlatforms) = preSolution
		Debug|Any CPU = Debug|Any CPU
		Release|Any CPU = Release|Any CPU
	EndGlobalSection
	GlobalSection(ProjectConfigurationPlatforms) = postSolution
		{DD4A8003-F652-4CDC-A8C4-B128AEE717D2}.Debug|Any CPU.ActiveCfg = Debug|Any CPU
		{DD4A8003-F652-4CDC-A8C4-B128AEE717D2}.Debug|Any CPU.Build.0 = Debug|Any CPU
		{DD4A8003-F652-4CDC-A8C4-B128AEE717D2}.Release|Any CPU.ActiveCfg = Release|Any CPU
		{DD4A8003-F652-4CDC-A8C4-B128AEE717D2}.Release|Any CPU.Build.0 = Release|Any CPU
	EndGlobalSection
	GlobalSection(SolutionProperties) = preSolution
		HideSolutionNode = FALSE
	EndGlobalSection
	GlobalSection(ExtensibilityGlobals) = postSolution
		SolutionGuid = {BF0CCFF0-C5A1-4015-A9A3-A3713A727A72}
	EndGlobalSection
EndGlobal
